{
  "name": "2if",
  "version": "1.0.0",
  "lockfileVersion": 2,
  "requires": true,
  "packages": {
    "": {
      "name": "2if",
      "version": "1.0.0",
      "dependencies": {
        "rollup": "^3.3.0",
        "tsx-dom": "^2.0.0"
      },
      "devDependencies": {
        "@types/node": "^18.11.9",
        "tsx-dom-types": "^1.0.0",
        "typescript": "^4.8.4"
      }
    },
    "node_modules/@types/node": {
      "version": "18.11.9",
      "dev": true,
      "license": "MIT"
    },
    "node_modules/rollup": {
      "version": "3.3.0",
      "license": "MIT",
      "bin": {
        "rollup": "dist/bin/rollup"
      },
      "engines": {
        "node": ">=14.18.0",
        "npm": ">=8.0.0"
      },
      "optionalDependencies": {
        "fsevents": "~2.3.2"
      }
    },
    "node_modules/tsx-dom": {
      "version": "2.0.0",
      "license": "MIT",
      "peerDependencies": {
        "tsx-dom-types": "1.0.0"
      }
    },
    "node_modules/tsx-dom-types": {
      "version": "1.0.0",
      "license": "MIT"
    },
    "node_modules/typescript": {
      "version": "4.8.4",
      "dev": true,
      "license": "Apache-2.0",
      "bin": {
        "tsc": "bin/tsc",
        "tsserver": "bin/tsserver"
      },
      "engines": {
        "node": ">=4.2.0"
      }
    }
  },
  "dependencies": {
    "@types/node": {
      "version": "18.11.9",
      "dev": true
    },
    "rollup": {
      "version": "3.3.0",
      "requires": {
        "fsevents": "~2.3.2"
      }
    },
    "tsx-dom": {
      "version": "2.0.0",
      "requires": {}
    },
    "tsx-dom-types": {
      "version": "1.0.0"
    },
    "typescript": {
      "version": "4.8.4",
      "dev": true
    }
  }
}
