{
  "name": "2if",
  "version": "1.0.0",
  "lockfileVersion": 1,
  "requires": true,
  "dependencies": {
    "tsx-dom": {
      "version": "2.0.0",
      "resolved": "https://registry.npmjs.org/tsx-dom/-/tsx-dom-2.0.0.tgz",
      "integrity": "sha512-KfaZIu3UN1DuuUPih67UaDvI2UvneOG8ooUZ64+oC3OuZ3duoIJsvn/WomYMQODsok0tizg+MS0aff9BZnexpg=="
    },
    "tsx-dom-types": {
      "version": "1.0.0",
      "resolved": "https://registry.npmjs.org/tsx-dom-types/-/tsx-dom-types-1.0.0.tgz",
      "integrity": "sha512-4r4IDcoRpfOQXs5skl74EQBCDAMP27+xHziFT1Yq0DgVn99p9GcY6x7B3E4dX+PxvlzT0FKFgMeSqXd2VeWh+Q=="
    },
    "typescript": {
      "version": "4.8.4",
      "resolved": "https://registry.npmjs.org/typescript/-/typescript-4.8.4.tgz",
      "integrity": "sha512-QCh+85mCy+h0IGff8r5XWzOVSbBO+KfeYrMQh7NJ58QujwcE22u+NUSmUxqF+un70P9GXKxa2HCNiTTMJknyjQ==",
      "dev": true
    }
  }
}
